
Microsoft Visual Studio Solution File, Format Version 12.00
# Visual Studio Version 17
VisualStudioVersion = 17.2.32616.157
MinimumVisualStudioVersion = 10.0.40219.1
Project("{FAE04EC0-301F-11D3-BF4B-00C04F79EFBC}") = "TestForAtlas", "TestForAtlas\TestForAtlas.csproj", "{E901C56F-84D8-461B-A41D-EB7F4E4E6D0B}"
EndProject
Global
	GlobalSection(SolutionConfigurationPlatforms) = preSolution
		Debug|Any CPU = Debug|Any CPU
		Release|Any CPU = Release|Any CPU
	EndGlobalSection
	GlobalSection(ProjectConfigurationPlatforms) = postSolution
		{E901C56F-84D8-461B-A41D-EB7F4E4E6D0B}.Debug|Any CPU.ActiveCfg = Debug|Any CPU
		{E901C56F-84D8-461B-A41D-EB7F4E4E6D0B}.Debug|Any CPU.Build.0 = Debug|Any CPU
		{E901C56F-84D8-461B-A41D-EB7F4E4E6D0B}.Release|Any CPU.ActiveCfg = Release|Any CPU
		{E901C56F-84D8-461B-A41D-EB7F4E4E6D0B}.Release|Any CPU.Build.0 = Release|Any CPU
	EndGlobalSection
	GlobalSection(SolutionProperties) = preSolution
		HideSolutionNode = FALSE
	EndGlobalSection
	GlobalSection(ExtensibilityGlobals) = postSolution
		SolutionGuid = {29EFFF7C-EF91-4A88-BF25-C3A8828793B8}
	EndGlobalSection
EndGlobal
